// !$*UTF8*$!
{
	archiveVersion = 1;
	classes = {
	};
	objectVersion = 50;
	objects = {

/* Begin PBXBuildFile section */
		3368D17D24552474007EE9B4 /* AppDelegate.m in Sources */ = {isa = PBXBuildFile; fileRef = 3368D17C24552474007EE9B4 /* AppDelegate.m */; };
		3368D18024552474007EE9B4 /* SceneDelegate.m in Sources */ = {isa = PBXBuildFile; fileRef = 3368D17F24552474007EE9B4 /* SceneDelegate.m */; };
		3368D18324552474007EE9B4 /* ViewController.m in Sources */ = {isa = PBXBuildFile; fileRef = 3368D18224552474007EE9B4 /* ViewController.m */; };
		3368D18624552474007EE9B4 /* Main.storyboard in Resources */ = {isa = PBXBuildFile; fileRef = 3368D18424552474007EE9B4 /* Main.storyboard */; };
		3368D18824552477007EE9B4 /* Assets.xcassets in Resources */ = {isa = PBXBuildFile; fileRef = 3368D18724552477007EE9B4 /* Assets.xcassets */; };
		3368D18B24552477007EE9B4 /* LaunchScreen.storyboard in Resources */ = {isa = PBXBuildFile; fileRef = 3368D18924552477007EE9B4 /* LaunchScreen.storyboard */; };
		3368D18E24552477007EE9B4 /* main.m in Sources */ = {isa = PBXBuildFile; fileRef = 3368D18D24552477007EE9B4 /* main.m */; };
/* End PBXBuildFile section */

/* Begin PBXFileReference section */
		3368D17824552474007EE9B4 /* BMOCacheWebview.app */ = {isa = PBXFileReference; explicitFileType = wrapper.application; includeInIndex = 0; path = BMOCacheWebview.app; sourceTree = BUILT_PRODUCTS_DIR; };
		3368D17B24552474007EE9B4 /* AppDelegate.h */ = {isa = PBXFileReference; lastKnownFileType = sourcecode.c.h; path = AppDelegate.h; sourceTree = "<group>"; };
		3368D17C24552474007EE9B4 /* AppDelegate.m */ = {isa = PBXFileReference; lastKnownFileType = sourcecode.c.objc; path = AppDelegate.m; sourceTree = "<group>"; };
		3368D17E24552474007EE9B4 /* SceneDelegate.h */ = {isa = PBXFileReference; lastKnownFileType = sourcecode.c.h; path = SceneDelegate.h; sourceTree = "<group>"; };
		3368D17F24552474007EE9B4 /* SceneDelegate.m */ = {isa = PBXFileReference; lastKnownFileType = sourcecode.c.objc; path = SceneDelegate.m; sourceTree = "<group>"; };
		3368D18124552474007EE9B4 /* ViewController.h */ = {isa = PBXFileReference; lastKnownFileType = sourcecode.c.h; path = ViewController.h; sourceTree = "<group>"; };
		3368D18224552474007EE9B4 /* ViewController.m */ = {isa = PBXFileReference; lastKnownFileType = sourcecode.c.objc; path = ViewController.m; sourceTree = "<group>"; };
		3368D18524552474007EE9B4 /* Base */ = {isa = PBXFileReference; lastKnownFileType = file.storyboard; name = Base; path = Base.lproj/Main.storyboard; sourceTree = "<group>"; };
		3368D18724552477007EE9B4 /* Assets.xcassets */ = {isa = PBXFileReference; lastKnownFileType = folder.assetcatalog; path = Assets.xcassets; sourceTree = "<group>"; };
		3368D18A24552477007EE9B4 /* Base */ = {isa = PBXFileReference; lastKnownFileType = file.storyboard; name = Base; path = Base.lproj/LaunchScreen.storyboard; sourceTree = "<group>"; };
		3368D18C24552477007EE9B4 /* Info.plist */ = {isa = PBXFileReference; lastKnownFileType = text.plist.xml; path = Info.plist; sourceTree = "<group>"; };
		3368D18D24552477007EE9B4 /* main.m */ = {isa = PBXFileReference; lastKnownFileType = sourcecode.c.objc; path = main.m; sourceTree = "<group>"; };
/* End PBXFileReference section */

/* Begin PBXFrameworksBuildPhase section */
		3368D17524552474007EE9B4 /* Frameworks */ = {
			isa = PBXFrameworksBuildPhase;
			buildActionMask = 2147483647;
			files = (
			);
			runOnlyForDeploymentPostprocessing = 0;
		};
/* End PBXFrameworksBuildPhase section */

/* Begin PBXGroup section */
		3368D16F24552474007EE9B4 = {
			isa = PBXGroup;
			children = (
				3368D17A24552474007EE9B4 /* BMOCacheWebview */,
				3368D17924552474007EE9B4 /* Products */,
			);
			sourceTree = "<group>";
		};
		3368D17924552474007EE9B4 /* Products */ = {
			isa = PBXGroup;
			children = (
				3368D17824552474007EE9B4 /* BMOCacheWebview.app */,
			);
			name = Products;
			sourceTree = "<group>";
		};
		3368D17A24552474007EE9B4 /* BMOCacheWebview */ = {
			isa = PBXGroup;
			children = (
				3368D17B24552474007EE9B4 /* AppDelegate.h */,
				3368D17C24552474007EE9B4 /* AppDelegate.m */,
				3368D17E24552474007EE9B4 /* SceneDelegate.h */,
				3368D17F24552474007EE9B4 /* SceneDelegate.m */,
				3368D18124552474007EE9B4 /* ViewController.h */,
				3368D18224552474007EE9B4 /* ViewController.m */,
				3368D18424552474007EE9B4 /* Main.storyboard */,
				3368D18724552477007EE9B4 /* Assets.xcassets */,
				3368D18924552477007EE9B4 /* LaunchScreen.storyboard */,
				3368D18C24552477007EE9B4 /* Info.plist */,
				3368D18D24552477007EE9B4 /* main.m */,
			);
			path = BMOCacheWebview;
			sourceTree = "<group>";
		};
/* End PBXGroup section */

/* Begin PBXNativeTarget section */
		3368D17724552474007EE9B4 /* BMOCacheWebview */ = {
			isa = PBXNativeTarget;
			buildConfigurationList = 3368D19124552477007EE9B4 /* Build configuration list for PBXNativeTarget "BMOCacheWebview" */;
			buildPhases = (
				3368D17424552474007EE9B4 /* Sources */,
				3368D17524552474007EE9B4 /* Frameworks */,
				3368D17624552474007EE9B4 /* Resources */,
			);
			buildRules = (
			);
			dependencies = (
			);
			name = BMOCacheWebview;
			productName = BMOCacheWebview;
			productReference = 3368D17824552474007EE9B4 /* BMOCacheWebview.app */;
			productType = "com.apple.product-type.application";
		};
/* End PBXNativeTarget section */

/* Begin PBXProject section */
		3368D17024552474007EE9B4 /* Project object */ = {
			isa = PBXProject;
			attributes = {
				LastUpgradeCheck = 1140;
				ORGANIZATIONNAME = ProgramasBMO;
				TargetAttributes = {
					3368D17724552474007EE9B4 = {
						CreatedOnToolsVersion = 11.4.1;
					};
				};
			};
			buildConfigurationList = 3368D17324552474007EE9B4 /* Build configuration list for PBXProject "BMOCacheWebview" */;
			compatibilityVersion = "Xcode 9.3";
			developmentRegion = en;
			hasScannedForEncodings = 0;
			knownRegions = (
				en,
				Base,
			);
			mainGroup = 3368D16F24552474007EE9B4;
			productRefGroup = 3368D17924552474007EE9B4 /* Products */;
			projectDirPath = "";
			projectRoot = "";
			targets = (
				3368D17724552474007EE9B4 /* BMOCacheWebview */,
			);
		};
/* End PBXProject section */

/* Begin PBXResourcesBuildPhase section */
		3368D17624552474007EE9B4 /* Resources */ = {
			isa = PBXResourcesBuildPhase;
			buildActionMask = 2147483647;
			files = (
				3368D18B24552477007EE9B4 /* LaunchScreen.storyboard in Resources */,
				3368D18824552477007EE9B4 /* Assets.xcassets in Resources */,
				3368D18624552474007EE9B4 /* Main.storyboard in Resources */,
			);
			runOnlyForDeploymentPostprocessing = 0;
		};
/* End PBXResourcesBuildPhase section */

/* Begin PBXSourcesBuildPhase section */
		3368D17424552474007EE9B4 /* Sources */ = {
			isa = PBXSourcesBuildPhase;
			buildActionMask = 2147483647;
			files = (
				3368D18324552474007EE9B4 /* ViewController.m in Sources */,
				3368D17D24552474007EE9B4 /* AppDelegate.m in Sources */,
				3368D18E24552477007EE9B4 /* main.m in Sources */,
				3368D18024552474007EE9B4 /* SceneDelegate.m in Sources */,
			);
			runOnlyForDeploymentPostprocessing = 0;
		};
/* End PBXSourcesBuildPhase section */

/* Begin PBXVariantGroup section */
		3368D18424552474007EE9B4 /* Main.storyboard */ = {
			isa = PBXVariantGroup;
			children = (
				3368D18524552474007EE9B4 /* Base */,
			);
			name = Main.storyboard;
			sourceTree = "<group>";
		};
		3368D18924552477007EE9B4 /* LaunchScreen.storyboard */ = {
			isa = PBXVariantGroup;
			children = (
				3368D18A24552477007EE9B4 /* Base */,
			);
			name = LaunchScreen.storyboard;
			sourceTree = "<group>";
		};
/* End PBXVariantGroup section */

/* Begin XCBuildConfiguration section */
		3368D18F24552477007EE9B4 /* Debug */ = {
			isa = XCBuildConfiguration;
			buildSettings = {
				ALWAYS_SEARCH_USER_PATHS = NO;
				CLANG_ANALYZER_NONNULL = YES;
				CLANG_ANALYZER_NUMBER_OBJECT_CONVERSION = YES_AGGRESSIVE;
				CLANG_CXX_LANGUAGE_STANDARD = "gnu++14";
				CLANG_CXX_LIBRARY = "libc++";
				CLANG_ENABLE_MODULES = YES;
				CLANG_ENABLE_OBJC_ARC = YES;
				CLANG_ENABLE_OBJC_WEAK = YES;
				CLANG_WARN_BLOCK_CAPTURE_AUTORELEASING = YES;
				CLANG_WARN_BOOL_CONVERSION = YES;
				CLANG_WARN_COMMA = YES;
				CLANG_WARN_CONSTANT_CONVERSION = YES;
				CLANG_WARN_DEPRECATED_OBJC_IMPLEMENTATIONS = YES;
				CLANG_WARN_DIRECT_OBJC_ISA_USAGE = YES_ERROR;
				CLANG_WARN_DOCUMENTATION_COMMENTS = YES;
				CLANG_WARN_EMPTY_BODY = YES;
				CLANG_WARN_ENUM_CONVERSION = YES;
				CLANG_WARN_INFINITE_RECURSION = YES;
				CLANG_WARN_INT_CONVERSION = YES;
				CLANG_WARN_NON_LITERAL_NULL_CONVERSION = YES;
				CLANG_WARN_OBJC_IMPLICIT_RETAIN_SELF = YES;
				CLANG_WARN_OBJC_LITERAL_CONVERSION = YES;
				CLANG_WARN_OBJC_ROOT_CLASS = YES_ERROR;
				CLANG_WARN_RANGE_LOOP_ANALYSIS = YES;
				CLANG_WARN_STRICT_PROTOTYPES = YES;
				CLANG_WARN_SUSPICIOUS_MOVE = YES;
				CLANG_WARN_UNGUARDED_AVAILABILITY = YES_AGGRESSIVE;
				CLANG_WARN_UNREACHABLE_CODE = YES;
				CLANG_WARN__DUPLICATE_METHOD_MATCH = YES;
				COPY_PHASE_STRIP = NO;
				DEBUG_INFORMATION_FORMAT = dwarf;
				ENABLE_STRICT_OBJC_MSGSEND = YES;
				ENABLE_TESTABILITY = YES;
				GCC_C_LANGUAGE_STANDARD = gnu11;
				GCC_DYNAMIC_NO_PIC = NO;
				GCC_NO_COMMON_BLOCKS = YES;
				GCC_OPTIMIZATION_LEVEL = 0;
				GCC_PREPROCESSOR_DEFINITIONS = (
					"DEBUG=1",
					"$(inherited)",
				);
				GCC_WARN_64_TO_32_BIT_CONVERSION = YES;
				GCC_WARN_ABOUT_RETURN_TYPE = YES_ERROR;
				GCC_WARN_UNDECLARED_SELECTOR = YES;
				GCC_WARN_UNINITIALIZED_AUTOS = YES_AGGRESSIVE;
				GCC_WARN_UNUSED_FUNCTION = YES;
				GCC_WARN_UNUSED_VARIABLE = YES;
				IPHONEOS_DEPLOYMENT_TARGET = 13.4;
				MTL_ENABLE_DEBUG_INFO = INCLUDE_SOURCE;
				MTL_FAST_MATH = YES;
				ONLY_ACTIVE_ARCH = YES;
				SDKROOT = iphoneos;
			};
			name = Debug;
		};
		3368D19024552477007EE9B4 /* Release */ = {
			isa = XCBuildConfiguration;
			buildSettings = {
				ALWAYS_SEARCH_USER_PATHS = NO;
				CLANG_ANALYZER_NONNULL = YES;
				CLANG_ANALYZER_NUMBER_OBJECT_CONVERSION = YES_AGGRESSIVE;
				CLANG_CXX_LANGUAGE_STANDARD = "gnu++14";
				CLANG_CXX_LIBRARY = "libc++";
				CLANG_ENABLE_MODULES = YES;
				CLANG_ENABLE_OBJC_ARC = YES;
				CLANG_ENABLE_OBJC_WEAK = YES;
				CLANG_WARN_BLOCK_CAPTURE_AUTORELEASING = YES;
				CLANG_WARN_BOOL_CONVERSION = YES;
				CLANG_WARN_COMMA = YES;
				CLANG_WARN_CONSTANT_CONVERSION = YES;
				CLANG_WARN_DEPRECATED_OBJC_IMPLEMENTATIONS = YES;
				CLANG_WARN_DIRECT_OBJC_ISA_USAGE = YES_ERROR;
				CLANG_WARN_DOCUMENTATION_COMMENTS = YES;
				CLANG_WARN_EMPTY_BODY = YES;
				CLANG_WARN_ENUM_CONVERSION = YES;
				CLANG_WARN_INFINITE_RECURSION = YES;
				CLANG_WARN_INT_CONVERSION = YES;
				CLANG_WARN_NON_LITERAL_NULL_CONVERSION = YES;
				CLANG_WARN_OBJC_IMPLICIT_RETAIN_SELF = YES;
				CLANG_WARN_OBJC_LITERAL_CONVERSION = YES;
				CLANG_WARN_OBJC_ROOT_CLASS = YES_ERROR;
				CLANG_WARN_RANGE_LOOP_ANALYSIS = YES;
				CLANG_WARN_STRICT_PROTOTYPES = YES;
				CLANG_WARN_SUSPICIOUS_MOVE = YES;
				CLANG_WARN_UNGUARDED_AVAILABILITY = YES_AGGRESSIVE;
				CLANG_WARN_UNREACHABLE_CODE = YES;
				CLANG_WARN__DUPLICATE_METHOD_MATCH = YES;
				COPY_PHASE_STRIP = NO;
				DEBUG_INFORMATION_FORMAT = "dwarf-with-dsym";
				ENABLE_NS_ASSERTIONS = NO;
				ENABLE_STRICT_OBJC_MSGSEND = YES;
				GCC_C_LANGUAGE_STANDARD = gnu11;
				GCC_NO_COMMON_BLOCKS = YES;
				GCC_WARN_64_TO_32_BIT_CONVERSION = YES;
				GCC_WARN_ABOUT_RETURN_TYPE = YES_ERROR;
				GCC_WARN_UNDECLARED_SELECTOR = YES;
				GCC_WARN_UNINITIALIZED_AUTOS = YES_AGGRESSIVE;
				GCC_WARN_UNUSED_FUNCTION = YES;
				GCC_WARN_UNUSED_VARIABLE = YES;
				IPHONEOS_DEPLOYMENT_TARGET = 13.4;
				MTL_ENABLE_DEBUG_INFO = NO;
				MTL_FAST_MATH = YES;
				SDKROOT = iphoneos;
				VALIDATE_PRODUCT = YES;
			};
			name = Release;
		};
		3368D19224552477007EE9B4 /* Debug */ = {
			isa = XCBuildConfiguration;
			buildSettings = {
				ASSETCATALOG_COMPILER_APPICON_NAME = AppIcon;
				CODE_SIGN_STYLE = Automatic;
				DEVELOPMENT_TEAM = L5RH7482C6;
				INFOPLIST_FILE = BMOCacheWebview/Info.plist;
				LD_RUNPATH_SEARCH_PATHS = (
					"$(inherited)",
					"@executable_path/Frameworks",
				);
				PRODUCT_BUNDLE_IDENTIFIER = com.ProgramasBMO.BMOCacheWebview;
				PRODUCT_NAME = "$(TARGET_NAME)";
				TARGETED_DEVICE_FAMILY = "1,2";
			};
			name = Debug;
		};
		3368D19324552477007EE9B4 /* Release */ = {
			isa = XCBuildConfiguration;
			buildSettings = {
				ASSETCATALOG_COMPILER_APPICON_NAME = AppIcon;
				CODE_SIGN_STYLE = Automatic;
				DEVELOPMENT_TEAM = L5RH7482C6;
				INFOPLIST_FILE = BMOCacheWebview/Info.plist;
				LD_RUNPATH_SEARCH_PATHS = (
					"$(inherited)",
					"@executable_path/Frameworks",
				);
				PRODUCT_BUNDLE_IDENTIFIER = com.ProgramasBMO.BMOCacheWebview;
				PRODUCT_NAME = "$(TARGET_NAME)";
				TARGETED_DEVICE_FAMILY = "1,2";
			};
			name = Release;
		};
/* End XCBuildConfiguration section */

/* Begin XCConfigurationList section */
		3368D17324552474007EE9B4 /* Build configuration list for PBXProject "BMOCacheWebview" */ = {
			isa = XCConfigurationList;
			buildConfigurations = (
				3368D18F24552477007EE9B4 /* Debug */,
				3368D19024552477007EE9B4 /* Release */,
			);
			defaultConfigurationIsVisible = 0;
			defaultConfigurationName = Release;
		};
		3368D19124552477007EE9B4 /* Build configuration list for PBXNativeTarget "BMOCacheWebview" */ = {
			isa = XCConfigurationList;
			buildConfigurations = (
				3368D19224552477007EE9B4 /* Debug */,
				3368D19324552477007EE9B4 /* Release */,
			);
			defaultConfigurationIsVisible = 0;
			defaultConfigurationName = Release;
		};
/* End XCConfigurationList section */
	};
	rootObject = 3368D17024552474007EE9B4 /* Project object */;
}
